// !$*UTF8*$!
{
	archiveVersion = 1;
	classes = {
	};
	objectVersion = 46;
	objects = {

/* Begin PBXBuildFile section */
		4A5A8D6FFDE955DF2850396A /* libPods.a in Frameworks */ = {isa = PBXBuildFile; fileRef = 1CB392A9DE1DF0DC46370D8C /* libPods.a */; };
		97849D381C574D1C00EB7861 /* main.m in Sources */ = {isa = PBXBuildFile; fileRef = 97849D371C574D1C00EB7861 /* main.m */; };
		97849D3B1C574D1C00EB7861 /* AppDelegate.m in Sources */ = {isa = PBXBuildFile; fileRef = 97849D3A1C574D1C00EB7861 /* AppDelegate.m */; };
		97849D3E1C574D1C00EB7861 /* ViewController.m in Sources */ = {isa = PBXBuildFile; fileRef = 97849D3D1C574D1C00EB7861 /* ViewController.m */; };
		97849D411C574D1C00EB7861 /* Main.storyboard in Resources */ = {isa = PBXBuildFile; fileRef = 97849D3F1C574D1C00EB7861 /* Main.storyboard */; };
		97849D431C574D1C00EB7861 /* Assets.xcassets in Resources */ = {isa = PBXBuildFile; fileRef = 97849D421C574D1C00EB7861 /* Assets.xcassets */; };
		97849D461C574D1C00EB7861 /* LaunchScreen.storyboard in Resources */ = {isa = PBXBuildFile; fileRef = 97849D441C574D1C00EB7861 /* LaunchScreen.storyboard */; };
		97849D511C574D1C00EB7861 /* CreativeAnimationDemoTests.m in Sources */ = {isa = PBXBuildFile; fileRef = 97849D501C574D1C00EB7861 /* CreativeAnimationDemoTests.m */; };
		97849D5C1C574D1C00EB7861 /* CreativeAnimationDemoUITests.m in Sources */ = {isa = PBXBuildFile; fileRef = 97849D5B1C574D1C00EB7861 /* CreativeAnimationDemoUITests.m */; };
		97849D6D1C5751D600EB7861 /* LWWAnimator.m in Sources */ = {isa = PBXBuildFile; fileRef = 97849D6C1C5751D600EB7861 /* LWWAnimator.m */; };
		97849D701C57520700EB7861 /* LWWKeyFrame.m in Sources */ = {isa = PBXBuildFile; fileRef = 97849D6F1C57520700EB7861 /* LWWKeyFrame.m */; };
		97849D731C57521800EB7861 /* LWWFilmStrip.m in Sources */ = {isa = PBXBuildFile; fileRef = 97849D721C57521800EB7861 /* LWWFilmStrip.m */; };
		97849D771C57531200EB7861 /* LWWFilmScrollViewController.m in Sources */ = {isa = PBXBuildFile; fileRef = 97849D761C57531200EB7861 /* LWWFilmScrollViewController.m */; };
		97849D7B1C5753CB00EB7861 /* LWWAnimation.m in Sources */ = {isa = PBXBuildFile; fileRef = 97849D7A1C5753CB00EB7861 /* LWWAnimation.m */; };
/* End PBXBuildFile section */

/* Begin PBXContainerItemProxy section */
		97849D4D1C574D1C00EB7861 /* PBXContainerItemProxy */ = {
			isa = PBXContainerItemProxy;
			containerPortal = 97849D2B1C574D1C00EB7861 /* Project object */;
			proxyType = 1;
			remoteGlobalIDString = 97849D321C574D1C00EB7861;
			remoteInfo = CreativeAnimationDemo;
		};
		97849D581C574D1C00EB7861 /* PBXContainerItemProxy */ = {
			isa = PBXContainerItemProxy;
			containerPortal = 97849D2B1C574D1C00EB7861 /* Project object */;
			proxyType = 1;
			remoteGlobalIDString = 97849D321C574D1C00EB7861;
			remoteInfo = CreativeAnimationDemo;
		};
/* End PBXContainerItemProxy section */

/* Begin PBXFileReference section */
		1CB392A9DE1DF0DC46370D8C /* libPods.a */ = {isa = PBXFileReference; explicitFileType = archive.ar; includeInIndex = 0; path = libPods.a; sourceTree = BUILT_PRODUCTS_DIR; };
		49B6598465AF803420570922 /* Pods.release.xcconfig */ = {isa = PBXFileReference; includeInIndex = 1; lastKnownFileType = text.xcconfig; name = Pods.release.xcconfig; path = "Pods/Target Support Files/Pods/Pods.release.xcconfig"; sourceTree = "<group>"; };
		4DC2282ED3EB52895D0DE308 /* Pods.debug.xcconfig */ = {isa = PBXFileReference; includeInIndex = 1; lastKnownFileType = text.xcconfig; name = Pods.debug.xcconfig; path = "Pods/Target Support Files/Pods/Pods.debug.xcconfig"; sourceTree = "<group>"; };
		97849D331C574D1C00EB7861 /* CreativeAnimationDemo.app */ = {isa = PBXFileReference; explicitFileType = wrapper.application; includeInIndex = 0; path = CreativeAnimationDemo.app; sourceTree = BUILT_PRODUCTS_DIR; };
		97849D371C574D1C00EB7861 /* main.m */ = {isa = PBXFileReference; lastKnownFileType = sourcecode.c.objc; path = main.m; sourceTree = "<group>"; };
		97849D391C574D1C00EB7861 /* AppDelegate.h */ = {isa = PBXFileReference; lastKnownFileType = sourcecode.c.h; path = AppDelegate.h; sourceTree = "<group>"; };
		97849D3A1C574D1C00EB7861 /* AppDelegate.m */ = {isa = PBXFileReference; lastKnownFileType = sourcecode.c.objc; path = AppDelegate.m; sourceTree = "<group>"; };
		97849D3C1C574D1C00EB7861 /* ViewController.h */ = {isa = PBXFileReference; lastKnownFileType = sourcecode.c.h; path = ViewController.h; sourceTree = "<group>"; };
		97849D3D1C574D1C00EB7861 /* ViewController.m */ = {isa = PBXFileReference; lastKnownFileType = sourcecode.c.objc; path = ViewController.m; sourceTree = "<group>"; };
		97849D401C574D1C00EB7861 /* Base */ = {isa = PBXFileReference; lastKnownFileType = file.storyboard; name = Base; path = Base.lproj/Main.storyboard; sourceTree = "<group>"; };
		97849D421C574D1C00EB7861 /* Assets.xcassets */ = {isa = PBXFileReference; lastKnownFileType = folder.assetcatalog; path = Assets.xcassets; sourceTree = "<group>"; };
		97849D451C574D1C00EB7861 /* Base */ = {isa = PBXFileReference; lastKnownFileType = file.storyboard; name = Base; path = Base.lproj/LaunchScreen.storyboard; sourceTree = "<group>"; };
		97849D471C574D1C00EB7861 /* Info.plist */ = {isa = PBXFileReference; lastKnownFileType = text.plist.xml; path = Info.plist; sourceTree = "<group>"; };
		97849D4C1C574D1C00EB7861 /* CreativeAnimationDemoTests.xctest */ = {isa = PBXFileReference; explicitFileType = wrapper.cfbundle; includeInIndex = 0; path = CreativeAnimationDemoTests.xctest; sourceTree = BUILT_PRODUCTS_DIR; };
		97849D501C574D1C00EB7861 /* CreativeAnimationDemoTests.m */ = {isa = PBXFileReference; lastKnownFileType = sourcecode.c.objc; path = CreativeAnimationDemoTests.m; sourceTree = "<group>"; };
		97849D521C574D1C00EB7861 /* Info.plist */ = {isa = PBXFileReference; lastKnownFileType = text.plist.xml; path = Info.plist; sourceTree = "<group>"; };
		97849D571C574D1C00EB7861 /* CreativeAnimationDemoUITests.xctest */ = {isa = PBXFileReference; explicitFileType = wrapper.cfbundle; includeInIndex = 0; path = CreativeAnimationDemoUITests.xctest; sourceTree = BUILT_PRODUCTS_DIR; };
		97849D5B1C574D1C00EB7861 /* CreativeAnimationDemoUITests.m */ = {isa = PBXFileReference; lastKnownFileType = sourcecode.c.objc; path = CreativeAnimationDemoUITests.m; sourceTree = "<group>"; };
		97849D5D1C574D1C00EB7861 /* Info.plist */ = {isa = PBXFileReference; lastKnownFileType = text.plist.xml; path = Info.plist; sourceTree = "<group>"; };
		97849D6B1C5751D600EB7861 /* LWWAnimator.h */ = {isa = PBXFileReference; fileEncoding = 4; lastKnownFileType = sourcecode.c.h; path = LWWAnimator.h; sourceTree = "<group>"; };
		97849D6C1C5751D600EB7861 /* LWWAnimator.m */ = {isa = PBXFileReference; fileEncoding = 4; lastKnownFileType = sourcecode.c.objc; path = LWWAnimator.m; sourceTree = "<group>"; };
		97849D6E1C57520700EB7861 /* LWWKeyFrame.h */ = {isa = PBXFileReference; fileEncoding = 4; lastKnownFileType = sourcecode.c.h; path = LWWKeyFrame.h; sourceTree = "<group>"; };
		97849D6F1C57520700EB7861 /* LWWKeyFrame.m */ = {isa = PBXFileReference; fileEncoding = 4; lastKnownFileType = sourcecode.c.objc; path = LWWKeyFrame.m; sourceTree = "<group>"; };
		97849D711C57521800EB7861 /* LWWFilmStrip.h */ = {isa = PBXFileReference; fileEncoding = 4; lastKnownFileType = sourcecode.c.h; path = LWWFilmStrip.h; sourceTree = "<group>"; };
		97849D721C57521800EB7861 /* LWWFilmStrip.m */ = {isa = PBXFileReference; fileEncoding = 4; lastKnownFileType = sourcecode.c.objc; path = LWWFilmStrip.m; sourceTree = "<group>"; };
		97849D751C57531200EB7861 /* LWWFilmScrollViewController.h */ = {isa = PBXFileReference; fileEncoding = 4; lastKnownFileType = sourcecode.c.h; path = LWWFilmScrollViewController.h; sourceTree = "<group>"; };
		97849D761C57531200EB7861 /* LWWFilmScrollViewController.m */ = {isa = PBXFileReference; fileEncoding = 4; lastKnownFileType = sourcecode.c.objc; path = LWWFilmScrollViewController.m; sourceTree = "<group>"; };
		97849D791C5753CB00EB7861 /* LWWAnimation.h */ = {isa = PBXFileReference; fileEncoding = 4; lastKnownFileType = sourcecode.c.h; path = LWWAnimation.h; sourceTree = "<group>"; };
		97849D7A1C5753CB00EB7861 /* LWWAnimation.m */ = {isa = PBXFileReference; fileEncoding = 4; lastKnownFileType = sourcecode.c.objc; path = LWWAnimation.m; sourceTree = "<group>"; };
/* End PBXFileReference section */

/* Begin PBXFrameworksBuildPhase section */
		97849D301C574D1C00EB7861 /* Frameworks */ = {
			isa = PBXFrameworksBuildPhase;
			buildActionMask = 2147483647;
			files = (
				4A5A8D6FFDE955DF2850396A /* libPods.a in Frameworks */,
			);
			runOnlyForDeploymentPostprocessing = 0;
		};
		97849D491C574D1C00EB7861 /* Frameworks */ = {
			isa = PBXFrameworksBuildPhase;
			buildActionMask = 2147483647;
			files = (
			);
			runOnlyForDeploymentPostprocessing = 0;
		};
		97849D541C574D1C00EB7861 /* Frameworks */ = {
			isa = PBXFrameworksBuildPhase;
			buildActionMask = 2147483647;
			files = (
			);
			runOnlyForDeploymentPostprocessing = 0;
		};
/* End PBXFrameworksBuildPhase section */

/* Begin PBXGroup section */
		97849D2A1C574D1C00EB7861 = {
			isa = PBXGroup;
			children = (
				97849D351C574D1C00EB7861 /* CreativeAnimationDemo */,
				97849D4F1C574D1C00EB7861 /* CreativeAnimationDemoTests */,
				97849D5A1C574D1C00EB7861 /* CreativeAnimationDemoUITests */,
				97849D341C574D1C00EB7861 /* Products */,
				A3137D6AA2E93EA0EDA870E0 /* Pods */,
				D04954499573A85284384323 /* Frameworks */,
			);
			sourceTree = "<group>";
		};
		97849D341C574D1C00EB7861 /* Products */ = {
			isa = PBXGroup;
			children = (
				97849D331C574D1C00EB7861 /* CreativeAnimationDemo.app */,
				97849D4C1C574D1C00EB7861 /* CreativeAnimationDemoTests.xctest */,
				97849D571C574D1C00EB7861 /* CreativeAnimationDemoUITests.xctest */,
			);
			name = Products;
			sourceTree = "<group>";
		};
		97849D351C574D1C00EB7861 /* CreativeAnimationDemo */ = {
			isa = PBXGroup;
			children = (
				97849D691C5750D700EB7861 /* Source */,
				97849D391C574D1C00EB7861 /* AppDelegate.h */,
				97849D3A1C574D1C00EB7861 /* AppDelegate.m */,
				97849D3C1C574D1C00EB7861 /* ViewController.h */,
				97849D3D1C574D1C00EB7861 /* ViewController.m */,
				97849D3F1C574D1C00EB7861 /* Main.storyboard */,
				97849D421C574D1C00EB7861 /* Assets.xcassets */,
				97849D441C574D1C00EB7861 /* LaunchScreen.storyboard */,
				97849D471C574D1C00EB7861 /* Info.plist */,
				97849D361C574D1C00EB7861 /* Supporting Files */,
			);
			path = CreativeAnimationDemo;
			sourceTree = "<group>";
		};
		97849D361C574D1C00EB7861 /* Supporting Files */ = {
			isa = PBXGroup;
			children = (
				97849D371C574D1C00EB7861 /* main.m */,
			);
			name = "Supporting Files";
			sourceTree = "<group>";
		};
		97849D4F1C574D1C00EB7861 /* CreativeAnimationDemoTests */ = {
			isa = PBXGroup;
			children = (
				97849D501C574D1C00EB7861 /* CreativeAnimationDemoTests.m */,
				97849D521C574D1C00EB7861 /* Info.plist */,
			);
			path = CreativeAnimationDemoTests;
			sourceTree = "<group>";
		};
		97849D5A1C574D1C00EB7861 /* CreativeAnimationDemoUITests */ = {
			isa = PBXGroup;
			children = (
				97849D5B1C574D1C00EB7861 /* CreativeAnimationDemoUITests.m */,
				97849D5D1C574D1C00EB7861 /* Info.plist */,
			);
			path = CreativeAnimationDemoUITests;
			sourceTree = "<group>";
		};
		97849D691C5750D700EB7861 /* Source */ = {
			isa = PBXGroup;
			children = (
				97849D781C5753B300EB7861 /* Animations */,
				97849D741C57525600EB7861 /* UI */,
				97849D6A1C5751C700EB7861 /* Private */,
			);
			name = Source;
			path = ../../Source;
			sourceTree = "<group>";
		};
		97849D6A1C5751C700EB7861 /* Private */ = {
			isa = PBXGroup;
			children = (
				97849D6B1C5751D600EB7861 /* LWWAnimator.h */,
				97849D6C1C5751D600EB7861 /* LWWAnimator.m */,
				97849D711C57521800EB7861 /* LWWFilmStrip.h */,
				97849D721C57521800EB7861 /* LWWFilmStrip.m */,
				97849D6E1C57520700EB7861 /* LWWKeyFrame.h */,
				97849D6F1C57520700EB7861 /* LWWKeyFrame.m */,
			);
			path = Private;
			sourceTree = "<group>";
		};
		97849D741C57525600EB7861 /* UI */ = {
			isa = PBXGroup;
			children = (
				97849D751C57531200EB7861 /* LWWFilmScrollViewController.h */,
				97849D761C57531200EB7861 /* LWWFilmScrollViewController.m */,
			);
			path = UI;
			sourceTree = "<group>";
		};
		97849D781C5753B300EB7861 /* Animations */ = {
			isa = PBXGroup;
			children = (
				97849D791C5753CB00EB7861 /* LWWAnimation.h */,
				97849D7A1C5753CB00EB7861 /* LWWAnimation.m */,
			);
			path = Animations;
			sourceTree = "<group>";
		};
		A3137D6AA2E93EA0EDA870E0 /* Pods */ = {
			isa = PBXGroup;
			children = (
				4DC2282ED3EB52895D0DE308 /* Pods.debug.xcconfig */,
				49B6598465AF803420570922 /* Pods.release.xcconfig */,
			);
			name = Pods;
			sourceTree = "<group>";
		};
		D04954499573A85284384323 /* Frameworks */ = {
			isa = PBXGroup;
			children = (
				1CB392A9DE1DF0DC46370D8C /* libPods.a */,
			);
			name = Frameworks;
			sourceTree = "<group>";
		};
/* End PBXGroup section */

/* Begin PBXNativeTarget section */
		97849D321C574D1C00EB7861 /* CreativeAnimationDemo */ = {
			isa = PBXNativeTarget;
			buildConfigurationList = 97849D601C574D1C00EB7861 /* Build configuration list for PBXNativeTarget "CreativeAnimationDemo" */;
			buildPhases = (
				DCA7151A453FC71E289261B3 /* Check Pods Manifest.lock */,
				97849D2F1C574D1C00EB7861 /* Sources */,
				97849D301C574D1C00EB7861 /* Frameworks */,
				97849D311C574D1C00EB7861 /* Resources */,
				A9288C7A756A1F536377D237 /* Embed Pods Frameworks */,
				B72A3D504ADC20CD05EBB43F /* Copy Pods Resources */,
			);
			buildRules = (
			);
			dependencies = (
			);
			name = CreativeAnimationDemo;
			productName = CreativeAnimationDemo;
			productReference = 97849D331C574D1C00EB7861 /* CreativeAnimationDemo.app */;
			productType = "com.apple.product-type.application";
		};
		97849D4B1C574D1C00EB7861 /* CreativeAnimationDemoTests */ = {
			isa = PBXNativeTarget;
			buildConfigurationList = 97849D631C574D1C00EB7861 /* Build configuration list for PBXNativeTarget "CreativeAnimationDemoTests" */;
			buildPhases = (
				97849D481C574D1C00EB7861 /* Sources */,
				97849D491C574D1C00EB7861 /* Frameworks */,
				97849D4A1C574D1C00EB7861 /* Resources */,
			);
			buildRules = (
			);
			dependencies = (
				97849D4E1C574D1C00EB7861 /* PBXTargetDependency */,
			);
			name = CreativeAnimationDemoTests;
			productName = CreativeAnimationDemoTests;
			productReference = 97849D4C1C574D1C00EB7861 /* CreativeAnimationDemoTests.xctest */;
			productType = "com.apple.product-type.bundle.unit-test";
		};
		97849D561C574D1C00EB7861 /* CreativeAnimationDemoUITests */ = {
			isa = PBXNativeTarget;
			buildConfigurationList = 97849D661C574D1C00EB7861 /* Build configuration list for PBXNativeTarget "CreativeAnimationDemoUITests" */;
			buildPhases = (
				97849D531C574D1C00EB7861 /* Sources */,
				97849D541C574D1C00EB7861 /* Frameworks */,
				97849D551C574D1C00EB7861 /* Resources */,
			);
			buildRules = (
			);
			dependencies = (
				97849D591C574D1C00EB7861 /* PBXTargetDependency */,
			);
			name = CreativeAnimationDemoUITests;
			productName = CreativeAnimationDemoUITests;
			productReference = 97849D571C574D1C00EB7861 /* CreativeAnimationDemoUITests.xctest */;
			productType = "com.apple.product-type.bundle.ui-testing";
		};
/* End PBXNativeTarget section */

/* Begin PBXProject section */
		97849D2B1C574D1C00EB7861 /* Project object */ = {
			isa = PBXProject;
			attributes = {
				LastUpgradeCheck = 0720;
				ORGANIZATIONNAME = ProfessionIsFunny;
				TargetAttributes = {
					97849D321C574D1C00EB7861 = {
						CreatedOnToolsVersion = 7.2;
					};
					97849D4B1C574D1C00EB7861 = {
						CreatedOnToolsVersion = 7.2;
						TestTargetID = 97849D321C574D1C00EB7861;
					};
					97849D561C574D1C00EB7861 = {
						CreatedOnToolsVersion = 7.2;
						TestTargetID = 97849D321C574D1C00EB7861;
					};
				};
			};
			buildConfigurationList = 97849D2E1C574D1C00EB7861 /* Build configuration list for PBXProject "CreativeAnimationDemo" */;
			compatibilityVersion = "Xcode 3.2";
			developmentRegion = English;
			hasScannedForEncodings = 0;
			knownRegions = (
				en,
				Base,
			);
			mainGroup = 97849D2A1C574D1C00EB7861;
			productRefGroup = 97849D341C574D1C00EB7861 /* Products */;
			projectDirPath = "";
			projectRoot = "";
			targets = (
				97849D321C574D1C00EB7861 /* CreativeAnimationDemo */,
				97849D4B1C574D1C00EB7861 /* CreativeAnimationDemoTests */,
				97849D561C574D1C00EB7861 /* CreativeAnimationDemoUITests */,
			);
		};
/* End PBXProject section */

/* Begin PBXResourcesBuildPhase section */
		97849D311C574D1C00EB7861 /* Resources */ = {
			isa = PBXResourcesBuildPhase;
			buildActionMask = 2147483647;
			files = (
				97849D461C574D1C00EB7861 /* LaunchScreen.storyboard in Resources */,
				97849D431C574D1C00EB7861 /* Assets.xcassets in Resources */,
				97849D411C574D1C00EB7861 /* Main.storyboard in Resources */,
			);
			runOnlyForDeploymentPostprocessing = 0;
		};
		97849D4A1C574D1C00EB7861 /* Resources */ = {
			isa = PBXResourcesBuildPhase;
			buildActionMask = 2147483647;
			files = (
			);
			runOnlyForDeploymentPostprocessing = 0;
		};
		97849D551C574D1C00EB7861 /* Resources */ = {
			isa = PBXResourcesBuildPhase;
			buildActionMask = 2147483647;
			files = (
			);
			runOnlyForDeploymentPostprocessing = 0;
		};
/* End PBXResourcesBuildPhase section */

/* Begin PBXShellScriptBuildPhase section */
		A9288C7A756A1F536377D237 /* Embed Pods Frameworks */ = {
			isa = PBXShellScriptBuildPhase;
			buildActionMask = 2147483647;
			files = (
			);
			inputPaths = (
			);
			name = "Embed Pods Frameworks";
			outputPaths = (
			);
			runOnlyForDeploymentPostprocessing = 0;
			shellPath = /bin/sh;
			shellScript = "\"${SRCROOT}/Pods/Target Support Files/Pods/Pods-frameworks.sh\"\n";
			showEnvVarsInLog = 0;
		};
		B72A3D504ADC20CD05EBB43F /* Copy Pods Resources */ = {
			isa = PBXShellScriptBuildPhase;
			buildActionMask = 2147483647;
			files = (
			);
			inputPaths = (
			);
			name = "Copy Pods Resources";
			outputPaths = (
			);
			runOnlyForDeploymentPostprocessing = 0;
			shellPath = /bin/sh;
			shellScript = "\"${SRCROOT}/Pods/Target Support Files/Pods/Pods-resources.sh\"\n";
			showEnvVarsInLog = 0;
		};
		DCA7151A453FC71E289261B3 /* Check Pods Manifest.lock */ = {
			isa = PBXShellScriptBuildPhase;
			buildActionMask = 2147483647;
			files = (
			);
			inputPaths = (
			);
			name = "Check Pods Manifest.lock";
			outputPaths = (
			);
			runOnlyForDeploymentPostprocessing = 0;
			shellPath = /bin/sh;
			shellScript = "diff \"${PODS_ROOT}/../Podfile.lock\" \"${PODS_ROOT}/Manifest.lock\" > /dev/null\nif [[ $? != 0 ]] ; then\n    cat << EOM\nerror: The sandbox is not in sync with the Podfile.lock. Run 'pod install' or update your CocoaPods installation.\nEOM\n    exit 1\nfi\n";
			showEnvVarsInLog = 0;
		};
/* End PBXShellScriptBuildPhase section */

/* Begin PBXSourcesBuildPhase section */
		97849D2F1C574D1C00EB7861 /* Sources */ = {
			isa = PBXSourcesBuildPhase;
			buildActionMask = 2147483647;
			files = (
				97849D3E1C574D1C00EB7861 /* ViewController.m in Sources */,
				97849D731C57521800EB7861 /* LWWFilmStrip.m in Sources */,
				97849D6D1C5751D600EB7861 /* LWWAnimator.m in Sources */,
				97849D7B1C5753CB00EB7861 /* LWWAnimation.m in Sources */,
				97849D701C57520700EB7861 /* LWWKeyFrame.m in Sources */,
				97849D3B1C574D1C00EB7861 /* AppDelegate.m in Sources */,
				97849D381C574D1C00EB7861 /* main.m in Sources */,
				97849D771C57531200EB7861 /* LWWFilmScrollViewController.m in Sources */,
			);
			runOnlyForDeploymentPostprocessing = 0;
		};
		97849D481C574D1C00EB7861 /* Sources */ = {
			isa = PBXSourcesBuildPhase;
			buildActionMask = 2147483647;
			files = (
				97849D511C574D1C00EB7861 /* CreativeAnimationDemoTests.m in Sources */,
			);
			runOnlyForDeploymentPostprocessing = 0;
		};
		97849D531C574D1C00EB7861 /* Sources */ = {
			isa = PBXSourcesBuildPhase;
			buildActionMask = 2147483647;
			files = (
				97849D5C1C574D1C00EB7861 /* CreativeAnimationDemoUITests.m in Sources */,
			);
			runOnlyForDeploymentPostprocessing = 0;
		};
/* End PBXSourcesBuildPhase section */

/* Begin PBXTargetDependency section */
		97849D4E1C574D1C00EB7861 /* PBXTargetDependency */ = {
			isa = PBXTargetDependency;
			target = 97849D321C574D1C00EB7861 /* CreativeAnimationDemo */;
			targetProxy = 97849D4D1C574D1C00EB7861 /* PBXContainerItemProxy */;
		};
		97849D591C574D1C00EB7861 /* PBXTargetDependency */ = {
			isa = PBXTargetDependency;
			target = 97849D321C574D1C00EB7861 /* CreativeAnimationDemo */;
			targetProxy = 97849D581C574D1C00EB7861 /* PBXContainerItemProxy */;
		};
/* End PBXTargetDependency section */

/* Begin PBXVariantGroup section */
		97849D3F1C574D1C00EB7861 /* Main.storyboard */ = {
			isa = PBXVariantGroup;
			children = (
				97849D401C574D1C00EB7861 /* Base */,
			);
			name = Main.storyboard;
			sourceTree = "<group>";
		};
		97849D441C574D1C00EB7861 /* LaunchScreen.storyboard */ = {
			isa = PBXVariantGroup;
			children = (
				97849D451C574D1C00EB7861 /* Base */,
			);
			name = LaunchScreen.storyboard;
			sourceTree = "<group>";
		};
/* End PBXVariantGroup section */

/* Begin XCBuildConfiguration section */
		97849D5E1C574D1C00EB7861 /* Debug */ = {
			isa = XCBuildConfiguration;
			buildSettings = {
				ALWAYS_SEARCH_USER_PATHS = NO;
				CLANG_CXX_LANGUAGE_STANDARD = "gnu++0x";
				CLANG_CXX_LIBRARY = "libc++";
				CLANG_ENABLE_MODULES = YES;
				CLANG_ENABLE_OBJC_ARC = YES;
				CLANG_WARN_BOOL_CONVERSION = YES;
				CLANG_WARN_CONSTANT_CONVERSION = YES;
				CLANG_WARN_DIRECT_OBJC_ISA_USAGE = YES_ERROR;
				CLANG_WARN_EMPTY_BODY = YES;
				CLANG_WARN_ENUM_CONVERSION = YES;
				CLANG_WARN_INT_CONVERSION = YES;
				CLANG_WARN_OBJC_ROOT_CLASS = YES_ERROR;
				CLANG_WARN_UNREACHABLE_CODE = YES;
				CLANG_WARN__DUPLICATE_METHOD_MATCH = YES;
				"CODE_SIGN_IDENTITY[sdk=iphoneos*]" = "iPhone Developer";
				COPY_PHASE_STRIP = NO;
				DEBUG_INFORMATION_FORMAT = dwarf;
				ENABLE_STRICT_OBJC_MSGSEND = YES;
				ENABLE_TESTABILITY = YES;
				GCC_C_LANGUAGE_STANDARD = gnu99;
				GCC_DYNAMIC_NO_PIC = NO;
				GCC_NO_COMMON_BLOCKS = YES;
				GCC_OPTIMIZATION_LEVEL = 0;
				GCC_PREPROCESSOR_DEFINITIONS = (
					"DEBUG=1",
					"$(inherited)",
				);
				GCC_WARN_64_TO_32_BIT_CONVERSION = YES;
				GCC_WARN_ABOUT_RETURN_TYPE = YES_ERROR;
				GCC_WARN_UNDECLARED_SELECTOR = YES;
				GCC_WARN_UNINITIALIZED_AUTOS = YES_AGGRESSIVE;
				GCC_WARN_UNUSED_FUNCTION = YES;
				GCC_WARN_UNUSED_VARIABLE = YES;
				IPHONEOS_DEPLOYMENT_TARGET = 9.2;
				MTL_ENABLE_DEBUG_INFO = YES;
				ONLY_ACTIVE_ARCH = YES;
				SDKROOT = iphoneos;
				TARGETED_DEVICE_FAMILY = "1,2";
			};
			name = Debug;
		};
		97849D5F1C574D1C00EB7861 /* Release */ = {
			isa = XCBuildConfiguration;
			buildSettings = {
				ALWAYS_SEARCH_USER_PATHS = NO;
				CLANG_CXX_LANGUAGE_STANDARD = "gnu++0x";
				CLANG_CXX_LIBRARY = "libc++";
				CLANG_ENABLE_MODULES = YES;
				CLANG_ENABLE_OBJC_ARC = YES;
				CLANG_WARN_BOOL_CONVERSION = YES;
				CLANG_WARN_CONSTANT_CONVERSION = YES;
				CLANG_WARN_DIRECT_OBJC_ISA_USAGE = YES_ERROR;
				CLANG_WARN_EMPTY_BODY = YES;
				CLANG_WARN_ENUM_CONVERSION = YES;
				CLANG_WARN_INT_CONVERSION = YES;
				CLANG_WARN_OBJC_ROOT_CLASS = YES_ERROR;
				CLANG_WARN_UNREACHABLE_CODE = YES;
				CLANG_WARN__DUPLICATE_METHOD_MATCH = YES;
				"CODE_SIGN_IDENTITY[sdk=iphoneos*]" = "iPhone Developer";
				COPY_PHASE_STRIP = NO;
				DEBUG_INFORMATION_FORMAT = "dwarf-with-dsym";
				ENABLE_NS_ASSERTIONS = NO;
				ENABLE_STRICT_OBJC_MSGSEND = YES;
				GCC_C_LANGUAGE_STANDARD = gnu99;
				GCC_NO_COMMON_BLOCKS = YES;
				GCC_WARN_64_TO_32_BIT_CONVERSION = YES;
				GCC_WARN_ABOUT_RETURN_TYPE = YES_ERROR;
				GCC_WARN_UNDECLARED_SELECTOR = YES;
				GCC_WARN_UNINITIALIZED_AUTOS = YES_AGGRESSIVE;
				GCC_WARN_UNUSED_FUNCTION = YES;
				GCC_WARN_UNUSED_VARIABLE = YES;
				IPHONEOS_DEPLOYMENT_TARGET = 9.2;
				MTL_ENABLE_DEBUG_INFO = NO;
				SDKROOT = iphoneos;
				TARGETED_DEVICE_FAMILY = "1,2";
				VALIDATE_PRODUCT = YES;
			};
			name = Release;
		};
		97849D611C574D1C00EB7861 /* Debug */ = {
			isa = XCBuildConfiguration;
			baseConfigurationReference = 4DC2282ED3EB52895D0DE308 /* Pods.debug.xcconfig */;
			buildSettings = {
				ASSETCATALOG_COMPILER_APPICON_NAME = AppIcon;
				INFOPLIST_FILE = CreativeAnimationDemo/Info.plist;
				LD_RUNPATH_SEARCH_PATHS = "$(inherited) @executable_path/Frameworks";
				PRODUCT_BUNDLE_IDENTIFIER = CA.CreativeAnimationDemo;
				PRODUCT_NAME = "$(TARGET_NAME)";
			};
			name = Debug;
		};
		97849D621C574D1C00EB7861 /* Release */ = {
			isa = XCBuildConfiguration;
			baseConfigurationReference = 49B6598465AF803420570922 /* Pods.release.xcconfig */;
			buildSettings = {
				ASSETCATALOG_COMPILER_APPICON_NAME = AppIcon;
				INFOPLIST_FILE = CreativeAnimationDemo/Info.plist;
				LD_RUNPATH_SEARCH_PATHS = "$(inherited) @executable_path/Frameworks";
				PRODUCT_BUNDLE_IDENTIFIER = CA.CreativeAnimationDemo;
				PRODUCT_NAME = "$(TARGET_NAME)";
			};
			name = Release;
		};
		97849D641C574D1C00EB7861 /* Debug */ = {
			isa = XCBuildConfiguration;
			buildSettings = {
				BUNDLE_LOADER = "$(TEST_HOST)";
				INFOPLIST_FILE = CreativeAnimationDemoTests/Info.plist;
				LD_RUNPATH_SEARCH_PATHS = "$(inherited) @executable_path/Frameworks @loader_path/Frameworks";
				PRODUCT_BUNDLE_IDENTIFIER = CA.CreativeAnimationDemoTests;
				PRODUCT_NAME = "$(TARGET_NAME)";
				TEST_HOST = "$(BUILT_PRODUCTS_DIR)/CreativeAnimationDemo.app/CreativeAnimationDemo";
			};
			name = Debug;
		};
		97849D651C574D1C00EB7861 /* Release */ = {
			isa = XCBuildConfiguration;
			buildSettings = {
				BUNDLE_LOADER = "$(TEST_HOST)";
				INFOPLIST_FILE = CreativeAnimationDemoTests/Info.plist;
				LD_RUNPATH_SEARCH_PATHS = "$(inherited) @executable_path/Frameworks @loader_path/Frameworks";
				PRODUCT_BUNDLE_IDENTIFIER = CA.CreativeAnimationDemoTests;
				PRODUCT_NAME = "$(TARGET_NAME)";
				TEST_HOST = "$(BUILT_PRODUCTS_DIR)/CreativeAnimationDemo.app/CreativeAnimationDemo";
			};
			name = Release;
		};
		97849D671C574D1C00EB7861 /* Debug */ = {
			isa = XCBuildConfiguration;
			buildSettings = {
				INFOPLIST_FILE = CreativeAnimationDemoUITests/Info.plist;
				LD_RUNPATH_SEARCH_PATHS = "$(inherited) @executable_path/Frameworks @loader_path/Frameworks";
				PRODUCT_BUNDLE_IDENTIFIER = CA.CreativeAnimationDemoUITests;
				PRODUCT_NAME = "$(TARGET_NAME)";
				TEST_TARGET_NAME = CreativeAnimationDemo;
				USES_XCTRUNNER = YES;
			};
			name = Debug;
		};
		97849D681C574D1C00EB7861 /* Release */ = {
			isa = XCBuildConfiguration;
			buildSettings = {
				INFOPLIST_FILE = CreativeAnimationDemoUITests/Info.plist;
				LD_RUNPATH_SEARCH_PATHS = "$(inherited) @executable_path/Frameworks @loader_path/Frameworks";
				PRODUCT_BUNDLE_IDENTIFIER = CA.CreativeAnimationDemoUITests;
				PRODUCT_NAME = "$(TARGET_NAME)";
				TEST_TARGET_NAME = CreativeAnimationDemo;
				USES_XCTRUNNER = YES;
			};
			name = Release;
		};
/* End XCBuildConfiguration section */

/* Begin XCConfigurationList section */
		97849D2E1C574D1C00EB7861 /* Build configuration list for PBXProject "CreativeAnimationDemo" */ = {
			isa = XCConfigurationList;
			buildConfigurations = (
				97849D5E1C574D1C00EB7861 /* Debug */,
				97849D5F1C574D1C00EB7861 /* Release */,
			);
			defaultConfigurationIsVisible = 0;
			defaultConfigurationName = Release;
		};
		97849D601C574D1C00EB7861 /* Build configuration list for PBXNativeTarget "CreativeAnimationDemo" */ = {
			isa = XCConfigurationList;
			buildConfigurations = (
				97849D611C574D1C00EB7861 /* Debug */,
				97849D621C574D1C00EB7861 /* Release */,
			);
			defaultConfigurationIsVisible = 0;
			defaultConfigurationName = Release;
		};
		97849D631C574D1C00EB7861 /* Build configuration list for PBXNativeTarget "CreativeAnimationDemoTests" */ = {
			isa = XCConfigurationList;
			buildConfigurations = (
				97849D641C574D1C00EB7861 /* Debug */,
				97849D651C574D1C00EB7861 /* Release */,
			);
			defaultConfigurationIsVisible = 0;
			defaultConfigurationName = Release;
		};
		97849D661C574D1C00EB7861 /* Build configuration list for PBXNativeTarget "CreativeAnimationDemoUITests" */ = {
			isa = XCConfigurationList;
			buildConfigurations = (
				97849D671C574D1C00EB7861 /* Debug */,
				97849D681C574D1C00EB7861 /* Release */,
			);
			defaultConfigurationIsVisible = 0;
			defaultConfigurationName = Release;
		};
/* End XCConfigurationList section */
	};
	rootObject = 97849D2B1C574D1C00EB7861 /* Project object */;
}
